// !$*UTF8*$!
{
	archiveVersion = 1;
	classes = {
	};
	objectVersion = 48;
	objects = {

/* Begin PBXBuildFile section */
		5E32DB750A336E417857989D /* Pods_Vybe.framework in Frameworks */ = {isa = PBXBuildFile; fileRef = 49195CBA193441DB964365CA /* Pods_Vybe.framework */; };
		796C7FDFBAFEAB29D78046DF /* Pods_VybeTests.framework in Frameworks */ = {isa = PBXBuildFile; fileRef = 723911ECD8A006460C7DDAA7 /* Pods_VybeTests.framework */; };
		C1CEE472F284BC33D3C4F2E8 /* Pods_VybeUITests.framework in Frameworks */ = {isa = PBXBuildFile; fileRef = 5409B4CBF270B0F1E45C9605 /* Pods_VybeUITests.framework */; };
		CF0053F920435E45003CDEFB /* MainPageVC.swift in Sources */ = {isa = PBXBuildFile; fileRef = CF0053F820435E45003CDEFB /* MainPageVC.swift */; };
		CF266C9020837E7E000A4563 /* SendListVC.swift in Sources */ = {isa = PBXBuildFile; fileRef = CF266C8F20837E7E000A4563 /* SendListVC.swift */; };
		CF266C9220837EC5000A4563 /* SendCell.swift in Sources */ = {isa = PBXBuildFile; fileRef = CF266C9120837EC5000A4563 /* SendCell.swift */; };
		CF266C9420837ED9000A4563 /* Send.swift in Sources */ = {isa = PBXBuildFile; fileRef = CF266C9320837ED9000A4563 /* Send.swift */; };
		CF266C982084BF87000A4563 /* VideoCell.swift in Sources */ = {isa = PBXBuildFile; fileRef = CF266C972084BF87000A4563 /* VideoCell.swift */; };
		CF266C9D20875FAC000A4563 /* SWRevealViewController.m in Sources */ = {isa = PBXBuildFile; fileRef = CF266C9C20875FAC000A4563 /* SWRevealViewController.m */; };
		CF2B015F206C28E7007C1B6F /* Main.storyboard in Resources */ = {isa = PBXBuildFile; fileRef = CF2B015E206C28E7007C1B6F /* Main.storyboard */; };
		CF325E132071688200D0F3CE /* AddFriendVC.swift in Sources */ = {isa = PBXBuildFile; fileRef = CF325E122071688200D0F3CE /* AddFriendVC.swift */; };
		CF325E192071BB6500D0F3CE /* AddFriendCell.swift in Sources */ = {isa = PBXBuildFile; fileRef = CF325E182071BB6500D0F3CE /* AddFriendCell.swift */; };
		CF325E1B2071BEEB00D0F3CE /* AddFriend.swift in Sources */ = {isa = PBXBuildFile; fileRef = CF325E1A2071BEEB00D0F3CE /* AddFriend.swift */; };
		CF325E1D2072551000D0F3CE /* FriendListVC.swift in Sources */ = {isa = PBXBuildFile; fileRef = CF325E1C2072551000D0F3CE /* FriendListVC.swift */; };
		CF325E202072554300D0F3CE /* FriendCell.swift in Sources */ = {isa = PBXBuildFile; fileRef = CF325E1F2072554300D0F3CE /* FriendCell.swift */; };
		CF325E222072555400D0F3CE /* Friend.swift in Sources */ = {isa = PBXBuildFile; fileRef = CF325E212072555400D0F3CE /* Friend.swift */; };
		CF325E242072CAFF00D0F3CE /* ChatVC.swift in Sources */ = {isa = PBXBuildFile; fileRef = CF325E232072CAFF00D0F3CE /* ChatVC.swift */; };
		CF325E282072CC4900D0F3CE /* Chat.swift in Sources */ = {isa = PBXBuildFile; fileRef = CF325E272072CC4900D0F3CE /* Chat.swift */; };
		CF325E2A2072CC6D00D0F3CE /* ChatCell.swift in Sources */ = {isa = PBXBuildFile; fileRef = CF325E292072CC6D00D0F3CE /* ChatCell.swift */; };
		CF60460A2095F4D2003BA698 /* StoryCell.swift in Sources */ = {isa = PBXBuildFile; fileRef = CF6046092095F4D2003BA698 /* StoryCell.swift */; };
		CF6D3D87204304D7008B93B2 /* AppDelegate.swift in Sources */ = {isa = PBXBuildFile; fileRef = CF6D3D86204304D7008B93B2 /* AppDelegate.swift */; };
		CF6D3D8E204304D7008B93B2 /* Assets.xcassets in Resources */ = {isa = PBXBuildFile; fileRef = CF6D3D8D204304D7008B93B2 /* Assets.xcassets */; };
		CF6D3D91204304D7008B93B2 /* LaunchScreen.storyboard in Resources */ = {isa = PBXBuildFile; fileRef = CF6D3D8F204304D7008B93B2 /* LaunchScreen.storyboard */; };
		CF6D3D9C204304D7008B93B2 /* VybeTests.swift in Sources */ = {isa = PBXBuildFile; fileRef = CF6D3D9B204304D7008B93B2 /* VybeTests.swift */; };
		CF6D3DA7204304D7008B93B2 /* VybeUITests.swift in Sources */ = {isa = PBXBuildFile; fileRef = CF6D3DA6204304D7008B93B2 /* VybeUITests.swift */; };
		CF6D3DB520430674008B93B2 /* CaptureVC.swift in Sources */ = {isa = PBXBuildFile; fileRef = CF6D3DB420430674008B93B2 /* CaptureVC.swift */; };
		CF6E0486207E230C00CFF4FB /* SwiftyRecordButton.swift in Sources */ = {isa = PBXBuildFile; fileRef = CF6E0485207E230B00CFF4FB /* SwiftyRecordButton.swift */; };
		CF6E0488207E47A900CFF4FB /* PhotoCell.swift in Sources */ = {isa = PBXBuildFile; fileRef = CF6E0487207E47A900CFF4FB /* PhotoCell.swift */; };
		CF6E048B207E4B6200CFF4FB /* ViewPhotoVC.swift in Sources */ = {isa = PBXBuildFile; fileRef = CF6E048A207E4B6200CFF4FB /* ViewPhotoVC.swift */; };
		CF6E048D207E96C900CFF4FB /* ViewVideoVC.swift in Sources */ = {isa = PBXBuildFile; fileRef = CF6E048C207E96C900CFF4FB /* ViewVideoVC.swift */; };
		CF905A03207CD48D00046C96 /* PhotoVC.swift in Sources */ = {isa = PBXBuildFile; fileRef = CF905A02207CD48D00046C96 /* PhotoVC.swift */; };
		CF905A05207CD67600046C96 /* VideoVC.swift in Sources */ = {isa = PBXBuildFile; fileRef = CF905A04207CD67600046C96 /* VideoVC.swift */; };
		CFA02EEE208D740100ABC15A /* CustomChatCell.swift in Sources */ = {isa = PBXBuildFile; fileRef = CFA02EED208D740100ABC15A /* CustomChatCell.swift */; };
		CFA02EF32091EAF800ABC15A /* Story.swift in Sources */ = {isa = PBXBuildFile; fileRef = CFA02EF22091EAF800ABC15A /* Story.swift */; };
		CFA02EF52091EB7F00ABC15A /* StoryVC.swift in Sources */ = {isa = PBXBuildFile; fileRef = CFA02EF42091EB7F00ABC15A /* StoryVC.swift */; };
		CFAC40CC2093465A00B64EE4 /* SwiftyCamButton.swift in Sources */ = {isa = PBXBuildFile; fileRef = CFAC40C72093465900B64EE4 /* SwiftyCamButton.swift */; };
		CFAC40CD2093465A00B64EE4 /* PreviewView.swift in Sources */ = {isa = PBXBuildFile; fileRef = CFAC40C82093465900B64EE4 /* PreviewView.swift */; };
		CFAC40CE2093465A00B64EE4 /* SwiftyCamViewController.swift in Sources */ = {isa = PBXBuildFile; fileRef = CFAC40C92093465900B64EE4 /* SwiftyCamViewController.swift */; };
		CFAC40CF2093465A00B64EE4 /* SwiftyCamViewControllerDelegate.swift in Sources */ = {isa = PBXBuildFile; fileRef = CFAC40CA2093465900B64EE4 /* SwiftyCamViewControllerDelegate.swift */; };
		CFAC40D02093465A00B64EE4 /* Orientation.swift in Sources */ = {isa = PBXBuildFile; fileRef = CFAC40CB2093465900B64EE4 /* Orientation.swift */; };
		CFC1FB7F206C5501005CE6BE /* CustomView.swift in Sources */ = {isa = PBXBuildFile; fileRef = CFC1FB7E206C5501005CE6BE /* CustomView.swift */; };
		CFC1FB81206C9504005CE6BE /* CustomImage.swift in Sources */ = {isa = PBXBuildFile; fileRef = CFC1FB80206C9504005CE6BE /* CustomImage.swift */; };
		CFC1FB83206C9733005CE6BE /* FrontPageVC.swift in Sources */ = {isa = PBXBuildFile; fileRef = CFC1FB82206C9733005CE6BE /* FrontPageVC.swift */; };
		CFC1FB85206C983B005CE6BE /* GoogleService-Info.plist in Resources */ = {isa = PBXBuildFile; fileRef = CFC1FB84206C983B005CE6BE /* GoogleService-Info.plist */; };
		CFC1FB8720704D7F005CE6BE /* LogInVC.swift in Sources */ = {isa = PBXBuildFile; fileRef = CFC1FB8620704D7F005CE6BE /* LogInVC.swift */; };
		CFC1FB8A20704FF6005CE6BE /* SignUpName.swift in Sources */ = {isa = PBXBuildFile; fileRef = CFC1FB8920704FF6005CE6BE /* SignUpName.swift */; };
		CFC1FB8C20705002005CE6BE /* SignUpBirthday.swift in Sources */ = {isa = PBXBuildFile; fileRef = CFC1FB8B20705002005CE6BE /* SignUpBirthday.swift */; };
		CFC1FB8E2070500B005CE6BE /* SignUpUsername.swift in Sources */ = {isa = PBXBuildFile; fileRef = CFC1FB8D2070500B005CE6BE /* SignUpUsername.swift */; };
		CFC1FB9020705015005CE6BE /* SignUpPassword.swift in Sources */ = {isa = PBXBuildFile; fileRef = CFC1FB8F20705015005CE6BE /* SignUpPassword.swift */; };
		CFC1FB9320708533005CE6BE /* Util.swift in Sources */ = {isa = PBXBuildFile; fileRef = CFC1FB9220708533005CE6BE /* Util.swift */; };
		CFC1FB9520708613005CE6BE /* SignUpEmail.swift in Sources */ = {isa = PBXBuildFile; fileRef = CFC1FB9420708613005CE6BE /* SignUpEmail.swift */; };
/* End PBXBuildFile section */

/* Begin PBXContainerItemProxy section */
		CF6D3D98204304D7008B93B2 /* PBXContainerItemProxy */ = {
			isa = PBXContainerItemProxy;
			containerPortal = CF6D3D7B204304D7008B93B2 /* Project object */;
			proxyType = 1;
			remoteGlobalIDString = CF6D3D82204304D7008B93B2;
			remoteInfo = Vybe;
		};
		CF6D3DA3204304D7008B93B2 /* PBXContainerItemProxy */ = {
			isa = PBXContainerItemProxy;
			containerPortal = CF6D3D7B204304D7008B93B2 /* Project object */;
			proxyType = 1;
			remoteGlobalIDString = CF6D3D82204304D7008B93B2;
			remoteInfo = Vybe;
		};
/* End PBXContainerItemProxy section */

/* Begin PBXFileReference section */
		16B0B6B6FCD989A3D98F57C0 /* Pods-VybeUITests.debug.xcconfig */ = {isa = PBXFileReference; includeInIndex = 1; lastKnownFileType = text.xcconfig; name = "Pods-VybeUITests.debug.xcconfig"; path = "Pods/Target Support Files/Pods-VybeUITests/Pods-VybeUITests.debug.xcconfig"; sourceTree = "<group>"; };
		49195CBA193441DB964365CA /* Pods_Vybe.framework */ = {isa = PBXFileReference; explicitFileType = wrapper.framework; includeInIndex = 0; path = Pods_Vybe.framework; sourceTree = BUILT_PRODUCTS_DIR; };
		5409B4CBF270B0F1E45C9605 /* Pods_VybeUITests.framework */ = {isa = PBXFileReference; explicitFileType = wrapper.framework; includeInIndex = 0; path = Pods_VybeUITests.framework; sourceTree = BUILT_PRODUCTS_DIR; };
		60E6323F658A9488E0970AA6 /* Pods-VybeTests.debug.xcconfig */ = {isa = PBXFileReference; includeInIndex = 1; lastKnownFileType = text.xcconfig; name = "Pods-VybeTests.debug.xcconfig"; path = "Pods/Target Support Files/Pods-VybeTests/Pods-VybeTests.debug.xcconfig"; sourceTree = "<group>"; };
		723911ECD8A006460C7DDAA7 /* Pods_VybeTests.framework */ = {isa = PBXFileReference; explicitFileType = wrapper.framework; includeInIndex = 0; path = Pods_VybeTests.framework; sourceTree = BUILT_PRODUCTS_DIR; };
		8350563E753419C1C515A06E /* Pods-VybeTests.release.xcconfig */ = {isa = PBXFileReference; includeInIndex = 1; lastKnownFileType = text.xcconfig; name = "Pods-VybeTests.release.xcconfig"; path = "Pods/Target Support Files/Pods-VybeTests/Pods-VybeTests.release.xcconfig"; sourceTree = "<group>"; };
		A06224229B1A35A16C52C7F0 /* Pods-Vybe.release.xcconfig */ = {isa = PBXFileReference; includeInIndex = 1; lastKnownFileType = text.xcconfig; name = "Pods-Vybe.release.xcconfig"; path = "Pods/Target Support Files/Pods-Vybe/Pods-Vybe.release.xcconfig"; sourceTree = "<group>"; };
		CF0053F820435E45003CDEFB /* MainPageVC.swift */ = {isa = PBXFileReference; lastKnownFileType = sourcecode.swift; path = MainPageVC.swift; sourceTree = "<group>"; };
		CF266C8F20837E7E000A4563 /* SendListVC.swift */ = {isa = PBXFileReference; lastKnownFileType = sourcecode.swift; path = SendListVC.swift; sourceTree = "<group>"; };
		CF266C9120837EC5000A4563 /* SendCell.swift */ = {isa = PBXFileReference; lastKnownFileType = sourcecode.swift; path = SendCell.swift; sourceTree = "<group>"; };
		CF266C9320837ED9000A4563 /* Send.swift */ = {isa = PBXFileReference; lastKnownFileType = sourcecode.swift; path = Send.swift; sourceTree = "<group>"; };
		CF266C972084BF87000A4563 /* VideoCell.swift */ = {isa = PBXFileReference; lastKnownFileType = sourcecode.swift; path = VideoCell.swift; sourceTree = "<group>"; };
		CF266C9A20875FAA000A4563 /* Vybe-Bridging-Header.h */ = {isa = PBXFileReference; lastKnownFileType = sourcecode.c.h; path = "Vybe-Bridging-Header.h"; sourceTree = "<group>"; };
		CF266C9B20875FAC000A4563 /* SWRevealViewController.h */ = {isa = PBXFileReference; fileEncoding = 4; lastKnownFileType = sourcecode.c.h; path = SWRevealViewController.h; sourceTree = "<group>"; };
		CF266C9C20875FAC000A4563 /* SWRevealViewController.m */ = {isa = PBXFileReference; fileEncoding = 4; lastKnownFileType = sourcecode.c.objc; path = SWRevealViewController.m; sourceTree = "<group>"; };
		CF2B015E206C28E7007C1B6F /* Main.storyboard */ = {isa = PBXFileReference; fileEncoding = 4; lastKnownFileType = file.storyboard; path = Main.storyboard; sourceTree = "<group>"; };
		CF325E122071688200D0F3CE /* AddFriendVC.swift */ = {isa = PBXFileReference; lastKnownFileType = sourcecode.swift; path = AddFriendVC.swift; sourceTree = "<group>"; };
		CF325E182071BB6500D0F3CE /* AddFriendCell.swift */ = {isa = PBXFileReference; lastKnownFileType = sourcecode.swift; path = AddFriendCell.swift; sourceTree = "<group>"; };
		CF325E1A2071BEEB00D0F3CE /* AddFriend.swift */ = {isa = PBXFileReference; lastKnownFileType = sourcecode.swift; path = AddFriend.swift; sourceTree = "<group>"; };
		CF325E1C2072551000D0F3CE /* FriendListVC.swift */ = {isa = PBXFileReference; lastKnownFileType = sourcecode.swift; path = FriendListVC.swift; sourceTree = "<group>"; };
		CF325E1F2072554300D0F3CE /* FriendCell.swift */ = {isa = PBXFileReference; lastKnownFileType = sourcecode.swift; path = FriendCell.swift; sourceTree = "<group>"; };
		CF325E212072555400D0F3CE /* Friend.swift */ = {isa = PBXFileReference; lastKnownFileType = sourcecode.swift; path = Friend.swift; sourceTree = "<group>"; };
		CF325E232072CAFF00D0F3CE /* ChatVC.swift */ = {isa = PBXFileReference; lastKnownFileType = sourcecode.swift; path = ChatVC.swift; sourceTree = "<group>"; };
		CF325E272072CC4900D0F3CE /* Chat.swift */ = {isa = PBXFileReference; lastKnownFileType = sourcecode.swift; path = Chat.swift; sourceTree = "<group>"; };
		CF325E292072CC6D00D0F3CE /* ChatCell.swift */ = {isa = PBXFileReference; lastKnownFileType = sourcecode.swift; path = ChatCell.swift; sourceTree = "<group>"; };
		CF6046092095F4D2003BA698 /* StoryCell.swift */ = {isa = PBXFileReference; lastKnownFileType = sourcecode.swift; path = StoryCell.swift; sourceTree = "<group>"; };
		CF6B8301209F8FDA003DAFA8 /* Vybe.entitlements */ = {isa = PBXFileReference; lastKnownFileType = text.plist.entitlements; path = Vybe.entitlements; sourceTree = "<group>"; };
		CF6D3D83204304D7008B93B2 /* Vybe.app */ = {isa = PBXFileReference; explicitFileType = wrapper.application; includeInIndex = 0; path = Vybe.app; sourceTree = BUILT_PRODUCTS_DIR; };
		CF6D3D86204304D7008B93B2 /* AppDelegate.swift */ = {isa = PBXFileReference; lastKnownFileType = sourcecode.swift; path = AppDelegate.swift; sourceTree = "<group>"; };
		CF6D3D8D204304D7008B93B2 /* Assets.xcassets */ = {isa = PBXFileReference; lastKnownFileType = folder.assetcatalog; path = Assets.xcassets; sourceTree = "<group>"; };
		CF6D3D90204304D7008B93B2 /* Base */ = {isa = PBXFileReference; lastKnownFileType = file.storyboard; name = Base; path = Base.lproj/LaunchScreen.storyboard; sourceTree = "<group>"; };
		CF6D3D92204304D7008B93B2 /* Info.plist */ = {isa = PBXFileReference; lastKnownFileType = text.plist.xml; path = Info.plist; sourceTree = "<group>"; };
		CF6D3D97204304D7008B93B2 /* VybeTests.xctest */ = {isa = PBXFileReference; explicitFileType = wrapper.cfbundle; includeInIndex = 0; path = VybeTests.xctest; sourceTree = BUILT_PRODUCTS_DIR; };
		CF6D3D9B204304D7008B93B2 /* VybeTests.swift */ = {isa = PBXFileReference; lastKnownFileType = sourcecode.swift; path = VybeTests.swift; sourceTree = "<group>"; };
		CF6D3D9D204304D7008B93B2 /* Info.plist */ = {isa = PBXFileReference; lastKnownFileType = text.plist.xml; path = Info.plist; sourceTree = "<group>"; };
		CF6D3DA2204304D7008B93B2 /* VybeUITests.xctest */ = {isa = PBXFileReference; explicitFileType = wrapper.cfbundle; includeInIndex = 0; path = VybeUITests.xctest; sourceTree = BUILT_PRODUCTS_DIR; };
		CF6D3DA6204304D7008B93B2 /* VybeUITests.swift */ = {isa = PBXFileReference; lastKnownFileType = sourcecode.swift; path = VybeUITests.swift; sourceTree = "<group>"; };
		CF6D3DA8204304D7008B93B2 /* Info.plist */ = {isa = PBXFileReference; lastKnownFileType = text.plist.xml; path = Info.plist; sourceTree = "<group>"; };
		CF6D3DB420430674008B93B2 /* CaptureVC.swift */ = {isa = PBXFileReference; lastKnownFileType = sourcecode.swift; path = CaptureVC.swift; sourceTree = "<group>"; };
		CF6E0485207E230B00CFF4FB /* SwiftyRecordButton.swift */ = {isa = PBXFileReference; fileEncoding = 4; lastKnownFileType = sourcecode.swift; path = SwiftyRecordButton.swift; sourceTree = "<group>"; };
		CF6E0487207E47A900CFF4FB /* PhotoCell.swift */ = {isa = PBXFileReference; lastKnownFileType = sourcecode.swift; path = PhotoCell.swift; sourceTree = "<group>"; };
		CF6E048A207E4B6200CFF4FB /* ViewPhotoVC.swift */ = {isa = PBXFileReference; lastKnownFileType = sourcecode.swift; path = ViewPhotoVC.swift; sourceTree = "<group>"; };
		CF6E048C207E96C900CFF4FB /* ViewVideoVC.swift */ = {isa = PBXFileReference; lastKnownFileType = sourcecode.swift; path = ViewVideoVC.swift; sourceTree = "<group>"; };
		CF905A02207CD48D00046C96 /* PhotoVC.swift */ = {isa = PBXFileReference; lastKnownFileType = sourcecode.swift; path = PhotoVC.swift; sourceTree = "<group>"; };
		CF905A04207CD67600046C96 /* VideoVC.swift */ = {isa = PBXFileReference; lastKnownFileType = sourcecode.swift; path = VideoVC.swift; sourceTree = "<group>"; };
		CFA02EED208D740100ABC15A /* CustomChatCell.swift */ = {isa = PBXFileReference; lastKnownFileType = sourcecode.swift; path = CustomChatCell.swift; sourceTree = "<group>"; };
		CFA02EF22091EAF800ABC15A /* Story.swift */ = {isa = PBXFileReference; lastKnownFileType = sourcecode.swift; path = Story.swift; sourceTree = "<group>"; };
		CFA02EF42091EB7F00ABC15A /* StoryVC.swift */ = {isa = PBXFileReference; lastKnownFileType = sourcecode.swift; path = StoryVC.swift; sourceTree = "<group>"; };
		CFAC40C72093465900B64EE4 /* SwiftyCamButton.swift */ = {isa = PBXFileReference; fileEncoding = 4; lastKnownFileType = sourcecode.swift; path = SwiftyCamButton.swift; sourceTree = "<group>"; };
		CFAC40C82093465900B64EE4 /* PreviewView.swift */ = {isa = PBXFileReference; fileEncoding = 4; lastKnownFileType = sourcecode.swift; path = PreviewView.swift; sourceTree = "<group>"; };
		CFAC40C92093465900B64EE4 /* SwiftyCamViewController.swift */ = {isa = PBXFileReference; fileEncoding = 4; lastKnownFileType = sourcecode.swift; path = SwiftyCamViewController.swift; sourceTree = "<group>"; };
		CFAC40CA2093465900B64EE4 /* SwiftyCamViewControllerDelegate.swift */ = {isa = PBXFileReference; fileEncoding = 4; lastKnownFileType = sourcecode.swift; path = SwiftyCamViewControllerDelegate.swift; sourceTree = "<group>"; };
		CFAC40CB2093465900B64EE4 /* Orientation.swift */ = {isa = PBXFileReference; fileEncoding = 4; lastKnownFileType = sourcecode.swift; path = Orientation.swift; sourceTree = "<group>"; };
		CFC1FB7E206C5501005CE6BE /* CustomView.swift */ = {isa = PBXFileReference; lastKnownFileType = sourcecode.swift; path = CustomView.swift; sourceTree = "<group>"; };
		CFC1FB80206C9504005CE6BE /* CustomImage.swift */ = {isa = PBXFileReference; lastKnownFileType = sourcecode.swift; path = CustomImage.swift; sourceTree = "<group>"; };
		CFC1FB82206C9733005CE6BE /* FrontPageVC.swift */ = {isa = PBXFileReference; lastKnownFileType = sourcecode.swift; path = FrontPageVC.swift; sourceTree = "<group>"; };
		CFC1FB84206C983B005CE6BE /* GoogleService-Info.plist */ = {isa = PBXFileReference; fileEncoding = 4; lastKnownFileType = text.plist.xml; path = "GoogleService-Info.plist"; sourceTree = "<group>"; };
		CFC1FB8620704D7F005CE6BE /* LogInVC.swift */ = {isa = PBXFileReference; lastKnownFileType = sourcecode.swift; path = LogInVC.swift; sourceTree = "<group>"; };
		CFC1FB8920704FF6005CE6BE /* SignUpName.swift */ = {isa = PBXFileReference; lastKnownFileType = sourcecode.swift; path = SignUpName.swift; sourceTree = "<group>"; };
		CFC1FB8B20705002005CE6BE /* SignUpBirthday.swift */ = {isa = PBXFileReference; lastKnownFileType = sourcecode.swift; path = SignUpBirthday.swift; sourceTree = "<group>"; };
		CFC1FB8D2070500B005CE6BE /* SignUpUsername.swift */ = {isa = PBXFileReference; lastKnownFileType = sourcecode.swift; path = SignUpUsername.swift; sourceTree = "<group>"; };
		CFC1FB8F20705015005CE6BE /* SignUpPassword.swift */ = {isa = PBXFileReference; lastKnownFileType = sourcecode.swift; path = SignUpPassword.swift; sourceTree = "<group>"; };
		CFC1FB9220708533005CE6BE /* Util.swift */ = {isa = PBXFileReference; lastKnownFileType = sourcecode.swift; path = Util.swift; sourceTree = "<group>"; };
		CFC1FB9420708613005CE6BE /* SignUpEmail.swift */ = {isa = PBXFileReference; lastKnownFileType = sourcecode.swift; path = SignUpEmail.swift; sourceTree = "<group>"; };
		F7594D32AD3ED52A722EDFBD /* Pods-VybeUITests.release.xcconfig */ = {isa = PBXFileReference; includeInIndex = 1; lastKnownFileType = text.xcconfig; name = "Pods-VybeUITests.release.xcconfig"; path = "Pods/Target Support Files/Pods-VybeUITests/Pods-VybeUITests.release.xcconfig"; sourceTree = "<group>"; };
		F7C7F287C3C164AF6382E1A9 /* Pods-Vybe.debug.xcconfig */ = {isa = PBXFileReference; includeInIndex = 1; lastKnownFileType = text.xcconfig; name = "Pods-Vybe.debug.xcconfig"; path = "Pods/Target Support Files/Pods-Vybe/Pods-Vybe.debug.xcconfig"; sourceTree = "<group>"; };
/* End PBXFileReference section */

/* Begin PBXFrameworksBuildPhase section */
		CF6D3D80204304D7008B93B2 /* Frameworks */ = {
			isa = PBXFrameworksBuildPhase;
			buildActionMask = 2147483647;
			files = (
				5E32DB750A336E417857989D /* Pods_Vybe.framework in Frameworks */,
			);
			runOnlyForDeploymentPostprocessing = 0;
		};
		CF6D3D94204304D7008B93B2 /* Frameworks */ = {
			isa = PBXFrameworksBuildPhase;
			buildActionMask = 2147483647;
			files = (
				796C7FDFBAFEAB29D78046DF /* Pods_VybeTests.framework in Frameworks */,
			);
			runOnlyForDeploymentPostprocessing = 0;
		};
		CF6D3D9F204304D7008B93B2 /* Frameworks */ = {
			isa = PBXFrameworksBuildPhase;
			buildActionMask = 2147483647;
			files = (
				C1CEE472F284BC33D3C4F2E8 /* Pods_VybeUITests.framework in Frameworks */,
			);
			runOnlyForDeploymentPostprocessing = 0;
		};
/* End PBXFrameworksBuildPhase section */

/* Begin PBXGroup section */
		1FD7910DA9672C62312B060F /* Frameworks */ = {
			isa = PBXGroup;
			children = (
				49195CBA193441DB964365CA /* Pods_Vybe.framework */,
				723911ECD8A006460C7DDAA7 /* Pods_VybeTests.framework */,
				5409B4CBF270B0F1E45C9605 /* Pods_VybeUITests.framework */,
			);
			name = Frameworks;
			sourceTree = "<group>";
		};
		2E812FD08BB21AB9D784A997 /* Pods */ = {
			isa = PBXGroup;
			children = (
				F7C7F287C3C164AF6382E1A9 /* Pods-Vybe.debug.xcconfig */,
				A06224229B1A35A16C52C7F0 /* Pods-Vybe.release.xcconfig */,
				60E6323F658A9488E0970AA6 /* Pods-VybeTests.debug.xcconfig */,
				8350563E753419C1C515A06E /* Pods-VybeTests.release.xcconfig */,
				16B0B6B6FCD989A3D98F57C0 /* Pods-VybeUITests.debug.xcconfig */,
				F7594D32AD3ED52A722EDFBD /* Pods-VybeUITests.release.xcconfig */,
			);
			name = Pods;
			sourceTree = "<group>";
		};
		CF0053F52043506D003CDEFB /* Controller */ = {
			isa = PBXGroup;
			children = (
				CF6E0489207E4B2300CFF4FB /* View Media */,
				CF905A01207CD47000046C96 /* Camera Output */,
				CF325E1E2072551700D0F3CE /* Pages */,
				CFC1FB8820704FEA005CE6BE /* Sign Up */,
				CFC1FB82206C9733005CE6BE /* FrontPageVC.swift */,
				CFC1FB8620704D7F005CE6BE /* LogInVC.swift */,
				CF325E122071688200D0F3CE /* AddFriendVC.swift */,
				CF325E232072CAFF00D0F3CE /* ChatVC.swift */,
				CF266C8F20837E7E000A4563 /* SendListVC.swift */,
			);
			path = Controller;
			sourceTree = "<group>";
		};
		CF0053F620435076003CDEFB /* View */ = {
			isa = PBXGroup;
			children = (
				CFA02EEF2091EACF00ABC15A /* Collection Cells */,
				CF325E2B2072CC8700D0F3CE /* Table Cells */,
				CFC1FB7E206C5501005CE6BE /* CustomView.swift */,
				CFC1FB80206C9504005CE6BE /* CustomImage.swift */,
				CF6E0485207E230B00CFF4FB /* SwiftyRecordButton.swift */,
				CFA02EED208D740100ABC15A /* CustomChatCell.swift */,
			);
			path = View;
			sourceTree = "<group>";
		};
		CF0053F72043507C003CDEFB /* Model */ = {
			isa = PBXGroup;
			children = (
				CF325E1A2071BEEB00D0F3CE /* AddFriend.swift */,
				CF325E212072555400D0F3CE /* Friend.swift */,
				CF325E272072CC4900D0F3CE /* Chat.swift */,
				CF266C9320837ED9000A4563 /* Send.swift */,
				CFA02EF22091EAF800ABC15A /* Story.swift */,
			);
			path = Model;
			sourceTree = "<group>";
		};
		CF266C9920875F97000A4563 /* Supporting Files */ = {
			isa = PBXGroup;
			children = (
				CF266C9B20875FAC000A4563 /* SWRevealViewController.h */,
				CF266C9C20875FAC000A4563 /* SWRevealViewController.m */,
				CF266C9A20875FAA000A4563 /* Vybe-Bridging-Header.h */,
			);
			path = "Supporting Files";
			sourceTree = "<group>";
		};
		CF325E1E2072551700D0F3CE /* Pages */ = {
			isa = PBXGroup;
			children = (
				CF0053F820435E45003CDEFB /* MainPageVC.swift */,
				CF6D3DB420430674008B93B2 /* CaptureVC.swift */,
				CF325E1C2072551000D0F3CE /* FriendListVC.swift */,
				CFA02EF42091EB7F00ABC15A /* StoryVC.swift */,
			);
			path = Pages;
			sourceTree = "<group>";
		};
		CF325E2B2072CC8700D0F3CE /* Table Cells */ = {
			isa = PBXGroup;
			children = (
				CF325E182071BB6500D0F3CE /* AddFriendCell.swift */,
				CF325E1F2072554300D0F3CE /* FriendCell.swift */,
				CF325E292072CC6D00D0F3CE /* ChatCell.swift */,
				CF6E0487207E47A900CFF4FB /* PhotoCell.swift */,
				CF266C9120837EC5000A4563 /* SendCell.swift */,
				CF266C972084BF87000A4563 /* VideoCell.swift */,
				CF6046092095F4D2003BA698 /* StoryCell.swift */,
			);
			path = "Table Cells";
			sourceTree = "<group>";
		};
		CF6D3D7A204304D7008B93B2 = {
			isa = PBXGroup;
			children = (
				CF6D3D85204304D7008B93B2 /* Vybe */,
				CF6D3D9A204304D7008B93B2 /* VybeTests */,
				CF6D3DA5204304D7008B93B2 /* VybeUITests */,
				CF6D3D84204304D7008B93B2 /* Products */,
				2E812FD08BB21AB9D784A997 /* Pods */,
				1FD7910DA9672C62312B060F /* Frameworks */,
			);
			sourceTree = "<group>";
		};
		CF6D3D84204304D7008B93B2 /* Products */ = {
			isa = PBXGroup;
			children = (
				CF6D3D83204304D7008B93B2 /* Vybe.app */,
				CF6D3D97204304D7008B93B2 /* VybeTests.xctest */,
				CF6D3DA2204304D7008B93B2 /* VybeUITests.xctest */,
			);
			name = Products;
			sourceTree = "<group>";
		};
		CF6D3D85204304D7008B93B2 /* Vybe */ = {
			isa = PBXGroup;
			children = (
				CF6B8301209F8FDA003DAFA8 /* Vybe.entitlements */,
				CF266C9920875F97000A4563 /* Supporting Files */,
				CF0053F72043507C003CDEFB /* Model */,
				CF0053F620435076003CDEFB /* View */,
				CF0053F52043506D003CDEFB /* Controller */,
				CFC1FB9120708518005CE6BE /* Util */,
				CF6D3D8D204304D7008B93B2 /* Assets.xcassets */,
				CF2B015E206C28E7007C1B6F /* Main.storyboard */,
				CF6D3D8F204304D7008B93B2 /* LaunchScreen.storyboard */,
				CF6D3D86204304D7008B93B2 /* AppDelegate.swift */,
				CF6D3D92204304D7008B93B2 /* Info.plist */,
				CFC1FB84206C983B005CE6BE /* GoogleService-Info.plist */,
				CFAC40C62093465900B64EE4 /* Source */,
			);
			path = Vybe;
			sourceTree = "<group>";
		};
		CF6D3D9A204304D7008B93B2 /* VybeTests */ = {
			isa = PBXGroup;
			children = (
				CF6D3D9B204304D7008B93B2 /* VybeTests.swift */,
				CF6D3D9D204304D7008B93B2 /* Info.plist */,
			);
			path = VybeTests;
			sourceTree = "<group>";
		};
		CF6D3DA5204304D7008B93B2 /* VybeUITests */ = {
			isa = PBXGroup;
			children = (
				CF6D3DA6204304D7008B93B2 /* VybeUITests.swift */,
				CF6D3DA8204304D7008B93B2 /* Info.plist */,
			);
			path = VybeUITests;
			sourceTree = "<group>";
		};
		CF6E0489207E4B2300CFF4FB /* View Media */ = {
			isa = PBXGroup;
			children = (
				CF6E048A207E4B6200CFF4FB /* ViewPhotoVC.swift */,
				CF6E048C207E96C900CFF4FB /* ViewVideoVC.swift */,
			);
			path = "View Media";
			sourceTree = "<group>";
		};
		CF905A01207CD47000046C96 /* Camera Output */ = {
			isa = PBXGroup;
			children = (
				CF905A02207CD48D00046C96 /* PhotoVC.swift */,
				CF905A04207CD67600046C96 /* VideoVC.swift */,
			);
			path = "Camera Output";
			sourceTree = "<group>";
		};
		CFA02EEF2091EACF00ABC15A /* Collection Cells */ = {
			isa = PBXGroup;
			children = (
			);
			path = "Collection Cells";
			sourceTree = "<group>";
		};
		CFAC40C62093465900B64EE4 /* Source */ = {
			isa = PBXGroup;
			children = (
				CFAC40C72093465900B64EE4 /* SwiftyCamButton.swift */,
				CFAC40C82093465900B64EE4 /* PreviewView.swift */,
				CFAC40C92093465900B64EE4 /* SwiftyCamViewController.swift */,
				CFAC40CA2093465900B64EE4 /* SwiftyCamViewControllerDelegate.swift */,
				CFAC40CB2093465900B64EE4 /* Orientation.swift */,
			);
			path = Source;
			sourceTree = "<group>";
		};
		CFC1FB8820704FEA005CE6BE /* Sign Up */ = {
			isa = PBXGroup;
			children = (
				CFC1FB8920704FF6005CE6BE /* SignUpName.swift */,
				CFC1FB8B20705002005CE6BE /* SignUpBirthday.swift */,
				CFC1FB8D2070500B005CE6BE /* SignUpUsername.swift */,
				CFC1FB9420708613005CE6BE /* SignUpEmail.swift */,
				CFC1FB8F20705015005CE6BE /* SignUpPassword.swift */,
			);
			path = "Sign Up";
			sourceTree = "<group>";
		};
		CFC1FB9120708518005CE6BE /* Util */ = {
			isa = PBXGroup;
			children = (
				CFC1FB9220708533005CE6BE /* Util.swift */,
			);
			path = Util;
			sourceTree = "<group>";
		};
/* End PBXGroup section */

/* Begin PBXNativeTarget section */
		CF6D3D82204304D7008B93B2 /* Vybe */ = {
			isa = PBXNativeTarget;
			buildConfigurationList = CF6D3DAB204304D7008B93B2 /* Build configuration list for PBXNativeTarget "Vybe" */;
			buildPhases = (
				6D1DFCE8E3021700B277F86D /* [CP] Check Pods Manifest.lock */,
				CF6D3D7F204304D7008B93B2 /* Sources */,
				CF6D3D80204304D7008B93B2 /* Frameworks */,
				CF6D3D81204304D7008B93B2 /* Resources */,
				D4C94102827988790B7092A3 /* [CP] Embed Pods Frameworks */,
				CDCBA4B049A0556D544CBFDD /* [CP] Copy Pods Resources */,
			);
			buildRules = (
			);
			dependencies = (
			);
			name = Vybe;
			productName = Vybe;
			productReference = CF6D3D83204304D7008B93B2 /* Vybe.app */;
			productType = "com.apple.product-type.application";
		};
		CF6D3D96204304D7008B93B2 /* VybeTests */ = {
			isa = PBXNativeTarget;
			buildConfigurationList = CF6D3DAE204304D7008B93B2 /* Build configuration list for PBXNativeTarget "VybeTests" */;
			buildPhases = (
				DD71827B60F12DF88A42A381 /* [CP] Check Pods Manifest.lock */,
				CF6D3D93204304D7008B93B2 /* Sources */,
				CF6D3D94204304D7008B93B2 /* Frameworks */,
				CF6D3D95204304D7008B93B2 /* Resources */,
				E235EDE03E19ABBBAB4E1F5F /* [CP] Embed Pods Frameworks */,
				1FC554A3E1EB66C550D1C805 /* [CP] Copy Pods Resources */,
			);
			buildRules = (
			);
			dependencies = (
				CF6D3D99204304D7008B93B2 /* PBXTargetDependency */,
			);
			name = VybeTests;
			productName = VybeTests;
			productReference = CF6D3D97204304D7008B93B2 /* VybeTests.xctest */;
			productType = "com.apple.product-type.bundle.unit-test";
		};
		CF6D3DA1204304D7008B93B2 /* VybeUITests */ = {
			isa = PBXNativeTarget;
			buildConfigurationList = CF6D3DB1204304D7008B93B2 /* Build configuration list for PBXNativeTarget "VybeUITests" */;
			buildPhases = (
				1B659C06D41625B3F420C394 /* [CP] Check Pods Manifest.lock */,
				CF6D3D9E204304D7008B93B2 /* Sources */,
				CF6D3D9F204304D7008B93B2 /* Frameworks */,
				CF6D3DA0204304D7008B93B2 /* Resources */,
				BA37DB1D07E96688936B58EE /* [CP] Embed Pods Frameworks */,
				A6AA3865E831BCFB3CAD6A22 /* [CP] Copy Pods Resources */,
			);
			buildRules = (
			);
			dependencies = (
				CF6D3DA4204304D7008B93B2 /* PBXTargetDependency */,
			);
			name = VybeUITests;
			productName = VybeUITests;
			productReference = CF6D3DA2204304D7008B93B2 /* VybeUITests.xctest */;
			productType = "com.apple.product-type.bundle.ui-testing";
		};
/* End PBXNativeTarget section */

/* Begin PBXProject section */
		CF6D3D7B204304D7008B93B2 /* Project object */ = {
			isa = PBXProject;
			attributes = {
				LastSwiftUpdateCheck = 0920;
				LastUpgradeCheck = 0930;
				ORGANIZATIONNAME = "Trevor Rose";
				TargetAttributes = {
					CF6D3D82204304D7008B93B2 = {
						CreatedOnToolsVersion = 9.2;
						LastSwiftMigration = 0930;
						ProvisioningStyle = Automatic;
						SystemCapabilities = {
							com.apple.Push = {
								enabled = 1;
							};
						};
					};
					CF6D3D96204304D7008B93B2 = {
						CreatedOnToolsVersion = 9.2;
						ProvisioningStyle = Automatic;
						TestTargetID = CF6D3D82204304D7008B93B2;
					};
					CF6D3DA1204304D7008B93B2 = {
						CreatedOnToolsVersion = 9.2;
						ProvisioningStyle = Automatic;
						TestTargetID = CF6D3D82204304D7008B93B2;
					};
				};
			};
			buildConfigurationList = CF6D3D7E204304D7008B93B2 /* Build configuration list for PBXProject "Vybe" */;
			compatibilityVersion = "Xcode 8.0";
			developmentRegion = en;
			hasScannedForEncodings = 0;
			knownRegions = (
				en,
				Base,
			);
			mainGroup = CF6D3D7A204304D7008B93B2;
			productRefGroup = CF6D3D84204304D7008B93B2 /* Products */;
			projectDirPath = "";
			projectRoot = "";
			targets = (
				CF6D3D82204304D7008B93B2 /* Vybe */,
				CF6D3D96204304D7008B93B2 /* VybeTests */,
				CF6D3DA1204304D7008B93B2 /* VybeUITests */,
			);
		};
/* End PBXProject section */

/* Begin PBXResourcesBuildPhase section */
		CF6D3D81204304D7008B93B2 /* Resources */ = {
			isa = PBXResourcesBuildPhase;
			buildActionMask = 2147483647;
			files = (
				CF2B015F206C28E7007C1B6F /* Main.storyboard in Resources */,
				CFC1FB85206C983B005CE6BE /* GoogleService-Info.plist in Resources */,
				CF6D3D91204304D7008B93B2 /* LaunchScreen.storyboard in Resources */,
				CF6D3D8E204304D7008B93B2 /* Assets.xcassets in Resources */,
			);
			runOnlyForDeploymentPostprocessing = 0;
		};
		CF6D3D95204304D7008B93B2 /* Resources */ = {
			isa = PBXResourcesBuildPhase;
			buildActionMask = 2147483647;
			files = (
			);
			runOnlyForDeploymentPostprocessing = 0;
		};
		CF6D3DA0204304D7008B93B2 /* Resources */ = {
			isa = PBXResourcesBuildPhase;
			buildActionMask = 2147483647;
			files = (
			);
			runOnlyForDeploymentPostprocessing = 0;
		};
/* End PBXResourcesBuildPhase section */

/* Begin PBXShellScriptBuildPhase section */
		1B659C06D41625B3F420C394 /* [CP] Check Pods Manifest.lock */ = {
			isa = PBXShellScriptBuildPhase;
			buildActionMask = 2147483647;
			files = (
			);
			inputPaths = (
				"${PODS_PODFILE_DIR_PATH}/Podfile.lock",
				"${PODS_ROOT}/Manifest.lock",
			);
			name = "[CP] Check Pods Manifest.lock";
			outputPaths = (
				"$(DERIVED_FILE_DIR)/Pods-VybeUITests-checkManifestLockResult.txt",
			);
			runOnlyForDeploymentPostprocessing = 0;
			shellPath = /bin/sh;
			shellScript = "diff \"${PODS_PODFILE_DIR_PATH}/Podfile.lock\" \"${PODS_ROOT}/Manifest.lock\" > /dev/null\nif [ $? != 0 ] ; then\n    # print error to STDERR\n    echo \"error: The sandbox is not in sync with the Podfile.lock. Run 'pod install' or update your CocoaPods installation.\" >&2\n    exit 1\nfi\n# This output is used by Xcode 'outputs' to avoid re-running this script phase.\necho \"SUCCESS\" > \"${SCRIPT_OUTPUT_FILE_0}\"\n";
			showEnvVarsInLog = 0;
		};
		1FC554A3E1EB66C550D1C805 /* [CP] Copy Pods Resources */ = {
			isa = PBXShellScriptBuildPhase;
			buildActionMask = 2147483647;
			files = (
			);
			inputPaths = (
			);
			name = "[CP] Copy Pods Resources";
			outputPaths = (
			);
			runOnlyForDeploymentPostprocessing = 0;
			shellPath = /bin/sh;
			shellScript = "\"${SRCROOT}/Pods/Target Support Files/Pods-VybeTests/Pods-VybeTests-resources.sh\"\n";
			showEnvVarsInLog = 0;
		};
		6D1DFCE8E3021700B277F86D /* [CP] Check Pods Manifest.lock */ = {
			isa = PBXShellScriptBuildPhase;
			buildActionMask = 2147483647;
			files = (
			);
			inputPaths = (
				"${PODS_PODFILE_DIR_PATH}/Podfile.lock",
				"${PODS_ROOT}/Manifest.lock",
			);
			name = "[CP] Check Pods Manifest.lock";
			outputPaths = (
				"$(DERIVED_FILE_DIR)/Pods-Vybe-checkManifestLockResult.txt",
			);
			runOnlyForDeploymentPostprocessing = 0;
			shellPath = /bin/sh;
			shellScript = "diff \"${PODS_PODFILE_DIR_PATH}/Podfile.lock\" \"${PODS_ROOT}/Manifest.lock\" > /dev/null\nif [ $? != 0 ] ; then\n    # print error to STDERR\n    echo \"error: The sandbox is not in sync with the Podfile.lock. Run 'pod install' or update your CocoaPods installation.\" >&2\n    exit 1\nfi\n# This output is used by Xcode 'outputs' to avoid re-running this script phase.\necho \"SUCCESS\" > \"${SCRIPT_OUTPUT_FILE_0}\"\n";
			showEnvVarsInLog = 0;
		};
		A6AA3865E831BCFB3CAD6A22 /* [CP] Copy Pods Resources */ = {
			isa = PBXShellScriptBuildPhase;
			buildActionMask = 2147483647;
			files = (
			);
			inputPaths = (
			);
			name = "[CP] Copy Pods Resources";
			outputPaths = (
			);
			runOnlyForDeploymentPostprocessing = 0;
			shellPath = /bin/sh;
			shellScript = "\"${SRCROOT}/Pods/Target Support Files/Pods-VybeUITests/Pods-VybeUITests-resources.sh\"\n";
			showEnvVarsInLog = 0;
		};
		BA37DB1D07E96688936B58EE /* [CP] Embed Pods Frameworks */ = {
			isa = PBXShellScriptBuildPhase;
			buildActionMask = 2147483647;
			files = (
			);
			inputPaths = (
			);
			name = "[CP] Embed Pods Frameworks";
			outputPaths = (
			);
			runOnlyForDeploymentPostprocessing = 0;
			shellPath = /bin/sh;
			shellScript = "\"${SRCROOT}/Pods/Target Support Files/Pods-VybeUITests/Pods-VybeUITests-frameworks.sh\"\n";
			showEnvVarsInLog = 0;
		};
		CDCBA4B049A0556D544CBFDD /* [CP] Copy Pods Resources */ = {
			isa = PBXShellScriptBuildPhase;
			buildActionMask = 2147483647;
			files = (
			);
			inputPaths = (
			);
			name = "[CP] Copy Pods Resources";
			outputPaths = (
			);
			runOnlyForDeploymentPostprocessing = 0;
			shellPath = /bin/sh;
			shellScript = "\"${SRCROOT}/Pods/Target Support Files/Pods-Vybe/Pods-Vybe-resources.sh\"\n";
			showEnvVarsInLog = 0;
		};
		D4C94102827988790B7092A3 /* [CP] Embed Pods Frameworks */ = {
			isa = PBXShellScriptBuildPhase;
			buildActionMask = 2147483647;
			files = (
			);
			inputPaths = (
				"${SRCROOT}/Pods/Target Support Files/Pods-Vybe/Pods-Vybe-frameworks.sh",
				"${BUILT_PRODUCTS_DIR}/GTMSessionFetcher/GTMSessionFetcher.framework",
				"${BUILT_PRODUCTS_DIR}/GoogleToolboxForMac/GoogleToolboxForMac.framework",
				"${BUILT_PRODUCTS_DIR}/Material/Material.framework",
				"${BUILT_PRODUCTS_DIR}/Motion/Motion.framework",
				"${BUILT_PRODUCTS_DIR}/Pulley/Pulley.framework",
				"${BUILT_PRODUCTS_DIR}/leveldb-library/leveldb.framework",
				"${BUILT_PRODUCTS_DIR}/nanopb/nanopb.framework",
			);
			name = "[CP] Embed Pods Frameworks";
			outputPaths = (
				"${TARGET_BUILD_DIR}/${FRAMEWORKS_FOLDER_PATH}/GTMSessionFetcher.framework",
				"${TARGET_BUILD_DIR}/${FRAMEWORKS_FOLDER_PATH}/GoogleToolboxForMac.framework",
				"${TARGET_BUILD_DIR}/${FRAMEWORKS_FOLDER_PATH}/Material.framework",
				"${TARGET_BUILD_DIR}/${FRAMEWORKS_FOLDER_PATH}/Motion.framework",
				"${TARGET_BUILD_DIR}/${FRAMEWORKS_FOLDER_PATH}/Pulley.framework",
				"${TARGET_BUILD_DIR}/${FRAMEWORKS_FOLDER_PATH}/leveldb.framework",
				"${TARGET_BUILD_DIR}/${FRAMEWORKS_FOLDER_PATH}/nanopb.framework",
			);
			runOnlyForDeploymentPostprocessing = 0;
			shellPath = /bin/sh;
			shellScript = "\"${SRCROOT}/Pods/Target Support Files/Pods-Vybe/Pods-Vybe-frameworks.sh\"\n";
			showEnvVarsInLog = 0;
		};
		DD71827B60F12DF88A42A381 /* [CP] Check Pods Manifest.lock */ = {
			isa = PBXShellScriptBuildPhase;
			buildActionMask = 2147483647;
			files = (
			);
			inputPaths = (
				"${PODS_PODFILE_DIR_PATH}/Podfile.lock",
				"${PODS_ROOT}/Manifest.lock",
			);
			name = "[CP] Check Pods Manifest.lock";
			outputPaths = (
				"$(DERIVED_FILE_DIR)/Pods-VybeTests-checkManifestLockResult.txt",
			);
			runOnlyForDeploymentPostprocessing = 0;
			shellPath = /bin/sh;
			shellScript = "diff \"${PODS_PODFILE_DIR_PATH}/Podfile.lock\" \"${PODS_ROOT}/Manifest.lock\" > /dev/null\nif [ $? != 0 ] ; then\n    # print error to STDERR\n    echo \"error: The sandbox is not in sync with the Podfile.lock. Run 'pod install' or update your CocoaPods installation.\" >&2\n    exit 1\nfi\n# This output is used by Xcode 'outputs' to avoid re-running this script phase.\necho \"SUCCESS\" > \"${SCRIPT_OUTPUT_FILE_0}\"\n";
			showEnvVarsInLog = 0;
		};
		E235EDE03E19ABBBAB4E1F5F /* [CP] Embed Pods Frameworks */ = {
			isa = PBXShellScriptBuildPhase;
			buildActionMask = 2147483647;
			files = (
			);
			inputPaths = (
			);
			name = "[CP] Embed Pods Frameworks";
			outputPaths = (
			);
			runOnlyForDeploymentPostprocessing = 0;
			shellPath = /bin/sh;
			shellScript = "\"${SRCROOT}/Pods/Target Support Files/Pods-VybeTests/Pods-VybeTests-frameworks.sh\"\n";
			showEnvVarsInLog = 0;
		};
/* End PBXShellScriptBuildPhase section */

/* Begin PBXSourcesBuildPhase section */
		CF6D3D7F204304D7008B93B2 /* Sources */ = {
			isa = PBXSourcesBuildPhase;
			buildActionMask = 2147483647;
			files = (
				CF6E048B207E4B6200CFF4FB /* ViewPhotoVC.swift in Sources */,
				CF266C9420837ED9000A4563 /* Send.swift in Sources */,
				CF905A05207CD67600046C96 /* VideoVC.swift in Sources */,
				CFAC40D02093465A00B64EE4 /* Orientation.swift in Sources */,
				CFC1FB9320708533005CE6BE /* Util.swift in Sources */,
				CFA02EF52091EB7F00ABC15A /* StoryVC.swift in Sources */,
				CF325E222072555400D0F3CE /* Friend.swift in Sources */,
				CF905A03207CD48D00046C96 /* PhotoVC.swift in Sources */,
				CFC1FB9020705015005CE6BE /* SignUpPassword.swift in Sources */,
				CFC1FB8720704D7F005CE6BE /* LogInVC.swift in Sources */,
				CF325E1B2071BEEB00D0F3CE /* AddFriend.swift in Sources */,
				CF325E132071688200D0F3CE /* AddFriendVC.swift in Sources */,
				CF266C982084BF87000A4563 /* VideoCell.swift in Sources */,
				CFC1FB81206C9504005CE6BE /* CustomImage.swift in Sources */,
				CF325E1D2072551000D0F3CE /* FriendListVC.swift in Sources */,
				CFC1FB8E2070500B005CE6BE /* SignUpUsername.swift in Sources */,
				CFA02EEE208D740100ABC15A /* CustomChatCell.swift in Sources */,
				CF60460A2095F4D2003BA698 /* StoryCell.swift in Sources */,
				CFC1FB7F206C5501005CE6BE /* CustomView.swift in Sources */,
				CFAC40CF2093465A00B64EE4 /* SwiftyCamViewControllerDelegate.swift in Sources */,
				CFC1FB9520708613005CE6BE /* SignUpEmail.swift in Sources */,
				CF0053F920435E45003CDEFB /* MainPageVC.swift in Sources */,
				CF6E0488207E47A900CFF4FB /* PhotoCell.swift in Sources */,
				CF325E192071BB6500D0F3CE /* AddFriendCell.swift in Sources */,
				CFC1FB8A20704FF6005CE6BE /* SignUpName.swift in Sources */,
				CFAC40CE2093465A00B64EE4 /* SwiftyCamViewController.swift in Sources */,
				CF266C9D20875FAC000A4563 /* SWRevealViewController.m in Sources */,
				CFAC40CD2093465A00B64EE4 /* PreviewView.swift in Sources */,
				CF325E202072554300D0F3CE /* FriendCell.swift in Sources */,
				CF6D3D87204304D7008B93B2 /* AppDelegate.swift in Sources */,
				CF6E0486207E230C00CFF4FB /* SwiftyRecordButton.swift in Sources */,
				CF266C9220837EC5000A4563 /* SendCell.swift in Sources */,
				CF325E282072CC4900D0F3CE /* Chat.swift in Sources */,
				CF6D3DB520430674008B93B2 /* CaptureVC.swift in Sources */,
				CFC1FB83206C9733005CE6BE /* FrontPageVC.swift in Sources */,
				CF325E2A2072CC6D00D0F3CE /* ChatCell.swift in Sources */,
				CFAC40CC2093465A00B64EE4 /* SwiftyCamButton.swift in Sources */,
				CF6E048D207E96C900CFF4FB /* ViewVideoVC.swift in Sources */,
				CF266C9020837E7E000A4563 /* SendListVC.swift in Sources */,
				CFA02EF32091EAF800ABC15A /* Story.swift in Sources */,
				CF325E242072CAFF00D0F3CE /* ChatVC.swift in Sources */,
				CFC1FB8C20705002005CE6BE /* SignUpBirthday.swift in Sources */,
			);
			runOnlyForDeploymentPostprocessing = 0;
		};
		CF6D3D93204304D7008B93B2 /* Sources */ = {
			isa = PBXSourcesBuildPhase;
			buildActionMask = 2147483647;
			files = (
				CF6D3D9C204304D7008B93B2 /* VybeTests.swift in Sources */,
			);
			runOnlyForDeploymentPostprocessing = 0;
		};
		CF6D3D9E204304D7008B93B2 /* Sources */ = {
			isa = PBXSourcesBuildPhase;
			buildActionMask = 2147483647;
			files = (
				CF6D3DA7204304D7008B93B2 /* VybeUITests.swift in Sources */,
			);
			runOnlyForDeploymentPostprocessing = 0;
		};
/* End PBXSourcesBuildPhase section */

/* Begin PBXTargetDependency section */
		CF6D3D99204304D7008B93B2 /* PBXTargetDependency */ = {
			isa = PBXTargetDependency;
			target = CF6D3D82204304D7008B93B2 /* Vybe */;
			targetProxy = CF6D3D98204304D7008B93B2 /* PBXContainerItemProxy */;
		};
		CF6D3DA4204304D7008B93B2 /* PBXTargetDependency */ = {
			isa = PBXTargetDependency;
			target = CF6D3D82204304D7008B93B2 /* Vybe */;
			targetProxy = CF6D3DA3204304D7008B93B2 /* PBXContainerItemProxy */;
		};
/* End PBXTargetDependency section */

/* Begin PBXVariantGroup section */
		CF6D3D8F204304D7008B93B2 /* LaunchScreen.storyboard */ = {
			isa = PBXVariantGroup;
			children = (
				CF6D3D90204304D7008B93B2 /* Base */,
			);
			name = LaunchScreen.storyboard;
			sourceTree = "<group>";
		};
/* End PBXVariantGroup section */

/* Begin XCBuildConfiguration section */
		CF6D3DA9204304D7008B93B2 /* Debug */ = {
			isa = XCBuildConfiguration;
			buildSettings = {
				ALWAYS_SEARCH_USER_PATHS = NO;
				CLANG_ANALYZER_NONNULL = YES;
				CLANG_ANALYZER_NUMBER_OBJECT_CONVERSION = YES_AGGRESSIVE;
				CLANG_CXX_LANGUAGE_STANDARD = "gnu++14";
				CLANG_CXX_LIBRARY = "libc++";
				CLANG_ENABLE_MODULES = YES;
				CLANG_ENABLE_OBJC_ARC = YES;
				CLANG_WARN_BLOCK_CAPTURE_AUTORELEASING = YES;
				CLANG_WARN_BOOL_CONVERSION = YES;
				CLANG_WARN_COMMA = YES;
				CLANG_WARN_CONSTANT_CONVERSION = YES;
				CLANG_WARN_DEPRECATED_OBJC_IMPLEMENTATIONS = YES;
				CLANG_WARN_DIRECT_OBJC_ISA_USAGE = YES_ERROR;
				CLANG_WARN_DOCUMENTATION_COMMENTS = YES;
				CLANG_WARN_EMPTY_BODY = YES;
				CLANG_WARN_ENUM_CONVERSION = YES;
				CLANG_WARN_INFINITE_RECURSION = YES;
				CLANG_WARN_INT_CONVERSION = YES;
				CLANG_WARN_NON_LITERAL_NULL_CONVERSION = YES;
				CLANG_WARN_OBJC_IMPLICIT_RETAIN_SELF = YES;
				CLANG_WARN_OBJC_LITERAL_CONVERSION = YES;
				CLANG_WARN_OBJC_ROOT_CLASS = YES_ERROR;
				CLANG_WARN_RANGE_LOOP_ANALYSIS = YES;
				CLANG_WARN_STRICT_PROTOTYPES = YES;
				CLANG_WARN_SUSPICIOUS_MOVE = YES;
				CLANG_WARN_UNGUARDED_AVAILABILITY = YES_AGGRESSIVE;
				CLANG_WARN_UNREACHABLE_CODE = YES;
				CLANG_WARN__DUPLICATE_METHOD_MATCH = YES;
				CODE_SIGN_IDENTITY = "iPhone Developer";
				COPY_PHASE_STRIP = NO;
				DEBUG_INFORMATION_FORMAT = dwarf;
				ENABLE_STRICT_OBJC_MSGSEND = YES;
				ENABLE_TESTABILITY = YES;
				GCC_C_LANGUAGE_STANDARD = gnu11;
				GCC_DYNAMIC_NO_PIC = NO;
				GCC_NO_COMMON_BLOCKS = YES;
				GCC_OPTIMIZATION_LEVEL = 0;
				GCC_PREPROCESSOR_DEFINITIONS = (
					"DEBUG=1",
					"$(inherited)",
				);
				GCC_WARN_64_TO_32_BIT_CONVERSION = YES;
				GCC_WARN_ABOUT_RETURN_TYPE = YES_ERROR;
				GCC_WARN_UNDECLARED_SELECTOR = YES;
				GCC_WARN_UNINITIALIZED_AUTOS = YES_AGGRESSIVE;
				GCC_WARN_UNUSED_FUNCTION = YES;
				GCC_WARN_UNUSED_VARIABLE = YES;
				IPHONEOS_DEPLOYMENT_TARGET = 11.2;
				MTL_ENABLE_DEBUG_INFO = YES;
				ONLY_ACTIVE_ARCH = YES;
				SDKROOT = iphoneos;
				SWIFT_ACTIVE_COMPILATION_CONDITIONS = DEBUG;
				SWIFT_OPTIMIZATION_LEVEL = "-Onone";
			};
			name = Debug;
		};
		CF6D3DAA204304D7008B93B2 /* Release */ = {
			isa = XCBuildConfiguration;
			buildSettings = {
				ALWAYS_SEARCH_USER_PATHS = NO;
				CLANG_ANALYZER_NONNULL = YES;
				CLANG_ANALYZER_NUMBER_OBJECT_CONVERSION = YES_AGGRESSIVE;
				CLANG_CXX_LANGUAGE_STANDARD = "gnu++14";
				CLANG_CXX_LIBRARY = "libc++";
				CLANG_ENABLE_MODULES = YES;
				CLANG_ENABLE_OBJC_ARC = YES;
				CLANG_WARN_BLOCK_CAPTURE_AUTORELEASING = YES;
				CLANG_WARN_BOOL_CONVERSION = YES;
				CLANG_WARN_COMMA = YES;
				CLANG_WARN_CONSTANT_CONVERSION = YES;
				CLANG_WARN_DEPRECATED_OBJC_IMPLEMENTATIONS = YES;
				CLANG_WARN_DIRECT_OBJC_ISA_USAGE = YES_ERROR;
				CLANG_WARN_DOCUMENTATION_COMMENTS = YES;
				CLANG_WARN_EMPTY_BODY = YES;
				CLANG_WARN_ENUM_CONVERSION = YES;
				CLANG_WARN_INFINITE_RECURSION = YES;
				CLANG_WARN_INT_CONVERSION = YES;
				CLANG_WARN_NON_LITERAL_NULL_CONVERSION = YES;
				CLANG_WARN_OBJC_IMPLICIT_RETAIN_SELF = YES;
				CLANG_WARN_OBJC_LITERAL_CONVERSION = YES;
				CLANG_WARN_OBJC_ROOT_CLASS = YES_ERROR;
				CLANG_WARN_RANGE_LOOP_ANALYSIS = YES;
				CLANG_WARN_STRICT_PROTOTYPES = YES;
				CLANG_WARN_SUSPICIOUS_MOVE = YES;
				CLANG_WARN_UNGUARDED_AVAILABILITY = YES_AGGRESSIVE;
				CLANG_WARN_UNREACHABLE_CODE = YES;
				CLANG_WARN__DUPLICATE_METHOD_MATCH = YES;
				CODE_SIGN_IDENTITY = "iPhone Developer";
				COPY_PHASE_STRIP = NO;
				DEBUG_INFORMATION_FORMAT = "dwarf-with-dsym";
				ENABLE_NS_ASSERTIONS = NO;
				ENABLE_STRICT_OBJC_MSGSEND = YES;
				GCC_C_LANGUAGE_STANDARD = gnu11;
				GCC_NO_COMMON_BLOCKS = YES;
				GCC_WARN_64_TO_32_BIT_CONVERSION = YES;
				GCC_WARN_ABOUT_RETURN_TYPE = YES_ERROR;
				GCC_WARN_UNDECLARED_SELECTOR = YES;
				GCC_WARN_UNINITIALIZED_AUTOS = YES_AGGRESSIVE;
				GCC_WARN_UNUSED_FUNCTION = YES;
				GCC_WARN_UNUSED_VARIABLE = YES;
				IPHONEOS_DEPLOYMENT_TARGET = 11.2;
				MTL_ENABLE_DEBUG_INFO = NO;
				SDKROOT = iphoneos;
				SWIFT_OPTIMIZATION_LEVEL = "-Owholemodule";
				VALIDATE_PRODUCT = YES;
			};
			name = Release;
		};
		CF6D3DAC204304D7008B93B2 /* Debug */ = {
			isa = XCBuildConfiguration;
			baseConfigurationReference = F7C7F287C3C164AF6382E1A9 /* Pods-Vybe.debug.xcconfig */;
			buildSettings = {
				ASSETCATALOG_COMPILER_APPICON_NAME = AppIcon;
				CLANG_ENABLE_MODULES = YES;
				CODE_SIGN_ENTITLEMENTS = Vybe/Vybe.entitlements;
				CODE_SIGN_IDENTITY = "iPhone Developer";
				CODE_SIGN_STYLE = Automatic;
				DEVELOPMENT_TEAM = 9F5M35K84C;
				INFOPLIST_FILE = Vybe/Info.plist;
				IPHONEOS_DEPLOYMENT_TARGET = 11;
				LD_RUNPATH_SEARCH_PATHS = "$(inherited) @executable_path/Frameworks";
				PRODUCT_BUNDLE_IDENTIFIER = com.keyloftstudios.Vybe;
				PRODUCT_NAME = "$(TARGET_NAME)";
				PROVISIONING_PROFILE_SPECIFIER = "";
				SWIFT_OBJC_BRIDGING_HEADER = "Vybe/Supporting Files/Vybe-Bridging-Header.h";
				SWIFT_OPTIMIZATION_LEVEL = "-Onone";
				SWIFT_VERSION = 4.0;
				TARGETED_DEVICE_FAMILY = "1,2";
			};
			name = Debug;
		};
		CF6D3DAD204304D7008B93B2 /* Release */ = {
			isa = XCBuildConfiguration;
			baseConfigurationReference = A06224229B1A35A16C52C7F0 /* Pods-Vybe.release.xcconfig */;
			buildSettings = {
				ASSETCATALOG_COMPILER_APPICON_NAME = AppIcon;
				CLANG_ENABLE_MODULES = YES;
				CODE_SIGN_ENTITLEMENTS = Vybe/Vybe.entitlements;
				CODE_SIGN_IDENTITY = "iPhone Developer";
				CODE_SIGN_STYLE = Automatic;
				DEVELOPMENT_TEAM = 9F5M35K84C;
				INFOPLIST_FILE = Vybe/Info.plist;
				IPHONEOS_DEPLOYMENT_TARGET = 11;
				LD_RUNPATH_SEARCH_PATHS = "$(inherited) @executable_path/Frameworks";
				PRODUCT_BUNDLE_IDENTIFIER = com.keyloftstudios.Vybe;
				PRODUCT_NAME = "$(TARGET_NAME)";
				PROVISIONING_PROFILE_SPECIFIER = "";
				SWIFT_OBJC_BRIDGING_HEADER = "Vybe/Supporting Files/Vybe-Bridging-Header.h";
				SWIFT_VERSION = 4.0;
				TARGETED_DEVICE_FAMILY = "1,2";
			};
			name = Release;
		};
		CF6D3DAF204304D7008B93B2 /* Debug */ = {
			isa = XCBuildConfiguration;
			baseConfigurationReference = 60E6323F658A9488E0970AA6 /* Pods-VybeTests.debug.xcconfig */;
			buildSettings = {
				ALWAYS_EMBED_SWIFT_STANDARD_LIBRARIES = YES;
				BUNDLE_LOADER = "$(TEST_HOST)";
				CODE_SIGN_STYLE = Automatic;
				DEVELOPMENT_TEAM = 9F5M35K84C;
				INFOPLIST_FILE = VybeTests/Info.plist;
				LD_RUNPATH_SEARCH_PATHS = "$(inherited) @executable_path/Frameworks @loader_path/Frameworks";
				PRODUCT_BUNDLE_IDENTIFIER = com.keyloftstudios.VybeTests;
				PRODUCT_NAME = "$(TARGET_NAME)";
				SWIFT_VERSION = 4.0;
				TARGETED_DEVICE_FAMILY = "1,2";
				TEST_HOST = "$(BUILT_PRODUCTS_DIR)/Vybe.app/Vybe";
			};
			name = Debug;
		};
		CF6D3DB0204304D7008B93B2 /* Release */ = {
			isa = XCBuildConfiguration;
			baseConfigurationReference = 8350563E753419C1C515A06E /* Pods-VybeTests.release.xcconfig */;
			buildSettings = {
				ALWAYS_EMBED_SWIFT_STANDARD_LIBRARIES = YES;
				BUNDLE_LOADER = "$(TEST_HOST)";
				CODE_SIGN_STYLE = Automatic;
				DEVELOPMENT_TEAM = 9F5M35K84C;
				INFOPLIST_FILE = VybeTests/Info.plist;
				LD_RUNPATH_SEARCH_PATHS = "$(inherited) @executable_path/Frameworks @loader_path/Frameworks";
				PRODUCT_BUNDLE_IDENTIFIER = com.keyloftstudios.VybeTests;
				PRODUCT_NAME = "$(TARGET_NAME)";
				SWIFT_VERSION = 4.0;
				TARGETED_DEVICE_FAMILY = "1,2";
				TEST_HOST = "$(BUILT_PRODUCTS_DIR)/Vybe.app/Vybe";
			};
			name = Release;
		};
		CF6D3DB2204304D7008B93B2 /* Debug */ = {
			isa = XCBuildConfiguration;
			baseConfigurationReference = 16B0B6B6FCD989A3D98F57C0 /* Pods-VybeUITests.debug.xcconfig */;
			buildSettings = {
				ALWAYS_EMBED_SWIFT_STANDARD_LIBRARIES = YES;
				CODE_SIGN_STYLE = Automatic;
				DEVELOPMENT_TEAM = 9F5M35K84C;
				INFOPLIST_FILE = VybeUITests/Info.plist;
				LD_RUNPATH_SEARCH_PATHS = "$(inherited) @executable_path/Frameworks @loader_path/Frameworks";
				PRODUCT_BUNDLE_IDENTIFIER = com.keyloftstudios.VybeUITests;
				PRODUCT_NAME = "$(TARGET_NAME)";
				SWIFT_VERSION = 4.0;
				TARGETED_DEVICE_FAMILY = "1,2";
				TEST_TARGET_NAME = Vybe;
			};
			name = Debug;
		};
		CF6D3DB3204304D7008B93B2 /* Release */ = {
			isa = XCBuildConfiguration;
			baseConfigurationReference = F7594D32AD3ED52A722EDFBD /* Pods-VybeUITests.release.xcconfig */;
			buildSettings = {
				ALWAYS_EMBED_SWIFT_STANDARD_LIBRARIES = YES;
				CODE_SIGN_STYLE = Automatic;
				DEVELOPMENT_TEAM = 9F5M35K84C;
				INFOPLIST_FILE = VybeUITests/Info.plist;
				LD_RUNPATH_SEARCH_PATHS = "$(inherited) @executable_path/Frameworks @loader_path/Frameworks";
				PRODUCT_BUNDLE_IDENTIFIER = com.keyloftstudios.VybeUITests;
				PRODUCT_NAME = "$(TARGET_NAME)";
				SWIFT_VERSION = 4.0;
				TARGETED_DEVICE_FAMILY = "1,2";
				TEST_TARGET_NAME = Vybe;
			};
			name = Release;
		};
/* End XCBuildConfiguration section */

/* Begin XCConfigurationList section */
		CF6D3D7E204304D7008B93B2 /* Build configuration list for PBXProject "Vybe" */ = {
			isa = XCConfigurationList;
			buildConfigurations = (
				CF6D3DA9204304D7008B93B2 /* Debug */,
				CF6D3DAA204304D7008B93B2 /* Release */,
			);
			defaultConfigurationIsVisible = 0;
			defaultConfigurationName = Release;
		};
		CF6D3DAB204304D7008B93B2 /* Build configuration list for PBXNativeTarget "Vybe" */ = {
			isa = XCConfigurationList;
			buildConfigurations = (
				CF6D3DAC204304D7008B93B2 /* Debug */,
				CF6D3DAD204304D7008B93B2 /* Release */,
			);
			defaultConfigurationIsVisible = 0;
			defaultConfigurationName = Release;
		};
		CF6D3DAE204304D7008B93B2 /* Build configuration list for PBXNativeTarget "VybeTests" */ = {
			isa = XCConfigurationList;
			buildConfigurations = (
				CF6D3DAF204304D7008B93B2 /* Debug */,
				CF6D3DB0204304D7008B93B2 /* Release */,
			);
			defaultConfigurationIsVisible = 0;
			defaultConfigurationName = Release;
		};
		CF6D3DB1204304D7008B93B2 /* Build configuration list for PBXNativeTarget "VybeUITests" */ = {
			isa = XCConfigurationList;
			buildConfigurations = (
				CF6D3DB2204304D7008B93B2 /* Debug */,
				CF6D3DB3204304D7008B93B2 /* Release */,
			);
			defaultConfigurationIsVisible = 0;
			defaultConfigurationName = Release;
		};
/* End XCConfigurationList section */
	};
	rootObject = CF6D3D7B204304D7008B93B2 /* Project object */;
}
